
Microsoft Visual Studio Solution File, Format Version 12.00
# Visual Studio Version 17
VisualStudioVersion = 17.11.35222.181
MinimumVisualStudioVersion = 10.0.40219.1
Project("{FAE04EC0-301F-11D3-BF4B-00C04F79EFBC}") = "PR3", "PR3.csproj", "{981CD3AF-D61D-41DB-A35B-512640320C8A}"
EndProject
Project("{FAE04EC0-301F-11D3-BF4B-00C04F79EFBC}") = "ClassLibrary1", "..\ClassLibrary1\ClassLibrary1.csproj", "{CE649249-B5FC-4703-BDD4-503A25215B5E}"
EndProject
Project("{FAE04EC0-301F-11D3-BF4B-00C04F79EFBC}") = "BlockerLibrary", "..\BlockerLibrary\BlockerLibrary.csproj", "{46D2547A-A479-4225-9AA6-7EE479D22467}"
EndProject
Project("{FAE04EC0-301F-11D3-BF4B-00C04F79EFBC}") = "TimeCheckLibrary", "..\TimeCheckLibrary\TimeCheckLibrary.csproj", "{4C0F9C8E-C4DE-4CBD-8FA4-F505DFEAAA83}"
EndProject
Global
	GlobalSection(SolutionConfigurationPlatforms) = preSolution
		Debug|Any CPU = Debug|Any CPU
		Release|Any CPU = Release|Any CPU
	EndGlobalSection
	GlobalSection(ProjectConfigurationPlatforms) = postSolution
		{981CD3AF-D61D-41DB-A35B-512640320C8A}.Debug|Any CPU.ActiveCfg = Debug|Any CPU
		{981CD3AF-D61D-41DB-A35B-512640320C8A}.Debug|Any CPU.Build.0 = Debug|Any CPU
		{981CD3AF-D61D-41DB-A35B-512640320C8A}.Release|Any CPU.ActiveCfg = Release|Any CPU
		{981CD3AF-D61D-41DB-A35B-512640320C8A}.Release|Any CPU.Build.0 = Release|Any CPU
		{CE649249-B5FC-4703-BDD4-503A25215B5E}.Debug|Any CPU.ActiveCfg = Debug|Any CPU
		{CE649249-B5FC-4703-BDD4-503A25215B5E}.Debug|Any CPU.Build.0 = Debug|Any CPU
		{CE649249-B5FC-4703-BDD4-503A25215B5E}.Release|Any CPU.ActiveCfg = Release|Any CPU
		{CE649249-B5FC-4703-BDD4-503A25215B5E}.Release|Any CPU.Build.0 = Release|Any CPU
		{46D2547A-A479-4225-9AA6-7EE479D22467}.Debug|Any CPU.ActiveCfg = Debug|Any CPU
		{46D2547A-A479-4225-9AA6-7EE479D22467}.Debug|Any CPU.Build.0 = Debug|Any CPU
		{46D2547A-A479-4225-9AA6-7EE479D22467}.Release|Any CPU.ActiveCfg = Release|Any CPU
		{46D2547A-A479-4225-9AA6-7EE479D22467}.Release|Any CPU.Build.0 = Release|Any CPU
		{4C0F9C8E-C4DE-4CBD-8FA4-F505DFEAAA83}.Debug|Any CPU.ActiveCfg = Debug|Any CPU
		{4C0F9C8E-C4DE-4CBD-8FA4-F505DFEAAA83}.Debug|Any CPU.Build.0 = Debug|Any CPU
		{4C0F9C8E-C4DE-4CBD-8FA4-F505DFEAAA83}.Release|Any CPU.ActiveCfg = Release|Any CPU
		{4C0F9C8E-C4DE-4CBD-8FA4-F505DFEAAA83}.Release|Any CPU.Build.0 = Release|Any CPU
	EndGlobalSection
	GlobalSection(SolutionProperties) = preSolution
		HideSolutionNode = FALSE
	EndGlobalSection
	GlobalSection(ExtensibilityGlobals) = postSolution
		SolutionGuid = {81DB1340-6AA4-426B-9093-5D348D875980}
	EndGlobalSection
EndGlobal
